// !$*UTF8*$!
{
	archiveVersion = 1;
	classes = {
	};
	objectVersion = 52;
	objects = {

/* Begin PBXBuildFile section */
		06B2F9193BCCF05294BB0F5A /* Pods_LinnstrumentHelper.framework in Frameworks */ = {isa = PBXBuildFile; fileRef = D08B3ECE281F47A03ED03486 /* Pods_LinnstrumentHelper.framework */; };
		EC2127FF244E8CBF00342DD1 /* Conductor.swift in Sources */ = {isa = PBXBuildFile; fileRef = EC2127FE244E8CBF00342DD1 /* Conductor.swift */; };
		EC212806244EB70000342DD1 /* .gitignore in Resources */ = {isa = PBXBuildFile; fileRef = EC212805244EB70000342DD1 /* .gitignore */; };
		EC21280B244F885200342DD1 /* Grid in Frameworks */ = {isa = PBXBuildFile; productRef = EC21280A244F885200342DD1 /* Grid */; };
		EC212811244F8FC500342DD1 /* PlayingSurfaceView.swift in Sources */ = {isa = PBXBuildFile; fileRef = EC212810244F8FC500342DD1 /* PlayingSurfaceView.swift */; };
		EC212813244F9D0400342DD1 /* SmallSurfaceView.swift in Sources */ = {isa = PBXBuildFile; fileRef = EC212812244F9D0400342DD1 /* SmallSurfaceView.swift */; };
		EC69037F244E8C1A008316E5 /* AppDelegate.swift in Sources */ = {isa = PBXBuildFile; fileRef = EC69037E244E8C1A008316E5 /* AppDelegate.swift */; };
		EC690381244E8C1A008316E5 /* ContentView.swift in Sources */ = {isa = PBXBuildFile; fileRef = EC690380244E8C1A008316E5 /* ContentView.swift */; };
		EC690383244E8C1B008316E5 /* Assets.xcassets in Resources */ = {isa = PBXBuildFile; fileRef = EC690382244E8C1B008316E5 /* Assets.xcassets */; };
		EC690386244E8C1B008316E5 /* Preview Assets.xcassets in Resources */ = {isa = PBXBuildFile; fileRef = EC690385244E8C1B008316E5 /* Preview Assets.xcassets */; };
		EC690389244E8C1B008316E5 /* Main.storyboard in Resources */ = {isa = PBXBuildFile; fileRef = EC690387244E8C1B008316E5 /* Main.storyboard */; };
/* End PBXBuildFile section */

/* Begin PBXFileReference section */
		D08B3ECE281F47A03ED03486 /* Pods_LinnstrumentHelper.framework */ = {isa = PBXFileReference; explicitFileType = wrapper.framework; includeInIndex = 0; path = Pods_LinnstrumentHelper.framework; sourceTree = BUILT_PRODUCTS_DIR; };
		E5D872DCFA16AF2E1A77F4B8 /* Pods-LinnstrumentHelper.debug.xcconfig */ = {isa = PBXFileReference; includeInIndex = 1; lastKnownFileType = text.xcconfig; name = "Pods-LinnstrumentHelper.debug.xcconfig"; path = "Target Support Files/Pods-LinnstrumentHelper/Pods-LinnstrumentHelper.debug.xcconfig"; sourceTree = "<group>"; };
		EC2127FE244E8CBF00342DD1 /* Conductor.swift */ = {isa = PBXFileReference; lastKnownFileType = sourcecode.swift; path = Conductor.swift; sourceTree = "<group>"; };
		EC212805244EB70000342DD1 /* .gitignore */ = {isa = PBXFileReference; lastKnownFileType = text; path = .gitignore; sourceTree = "<group>"; };
		EC212810244F8FC500342DD1 /* PlayingSurfaceView.swift */ = {isa = PBXFileReference; lastKnownFileType = sourcecode.swift; path = PlayingSurfaceView.swift; sourceTree = "<group>"; };
		EC212812244F9D0400342DD1 /* SmallSurfaceView.swift */ = {isa = PBXFileReference; lastKnownFileType = sourcecode.swift; path = SmallSurfaceView.swift; sourceTree = "<group>"; };
		EC69037B244E8C1A008316E5 /* LinnstrumentHelper.app */ = {isa = PBXFileReference; explicitFileType = wrapper.application; includeInIndex = 0; path = LinnstrumentHelper.app; sourceTree = BUILT_PRODUCTS_DIR; };
		EC69037E244E8C1A008316E5 /* AppDelegate.swift */ = {isa = PBXFileReference; lastKnownFileType = sourcecode.swift; path = AppDelegate.swift; sourceTree = "<group>"; };
		EC690380244E8C1A008316E5 /* ContentView.swift */ = {isa = PBXFileReference; lastKnownFileType = sourcecode.swift; path = ContentView.swift; sourceTree = "<group>"; };
		EC690382244E8C1B008316E5 /* Assets.xcassets */ = {isa = PBXFileReference; lastKnownFileType = folder.assetcatalog; path = Assets.xcassets; sourceTree = "<group>"; };
		EC690385244E8C1B008316E5 /* Preview Assets.xcassets */ = {isa = PBXFileReference; lastKnownFileType = folder.assetcatalog; path = "Preview Assets.xcassets"; sourceTree = "<group>"; };
		EC690388244E8C1B008316E5 /* Base */ = {isa = PBXFileReference; lastKnownFileType = file.storyboard; name = Base; path = Base.lproj/Main.storyboard; sourceTree = "<group>"; };
		EC69038A244E8C1B008316E5 /* Info.plist */ = {isa = PBXFileReference; lastKnownFileType = text.plist.xml; path = Info.plist; sourceTree = "<group>"; };
		EC69038B244E8C1B008316E5 /* LinnstrumentHelper.entitlements */ = {isa = PBXFileReference; lastKnownFileType = text.plist.entitlements; path = LinnstrumentHelper.entitlements; sourceTree = "<group>"; };
		FEB927FBED2935E61CBD5AA8 /* Pods-LinnstrumentHelper.release.xcconfig */ = {isa = PBXFileReference; includeInIndex = 1; lastKnownFileType = text.xcconfig; name = "Pods-LinnstrumentHelper.release.xcconfig"; path = "Target Support Files/Pods-LinnstrumentHelper/Pods-LinnstrumentHelper.release.xcconfig"; sourceTree = "<group>"; };
/* End PBXFileReference section */

/* Begin PBXFrameworksBuildPhase section */
		EC690378244E8C1A008316E5 /* Frameworks */ = {
			isa = PBXFrameworksBuildPhase;
			buildActionMask = 2147483647;
			files = (
				EC21280B244F885200342DD1 /* Grid in Frameworks */,
				06B2F9193BCCF05294BB0F5A /* Pods_LinnstrumentHelper.framework in Frameworks */,
			);
			runOnlyForDeploymentPostprocessing = 0;
		};
/* End PBXFrameworksBuildPhase section */

/* Begin PBXGroup section */
		2BCA3A24DD3AE976D002E538 /* Pods */ = {
			isa = PBXGroup;
			children = (
				E5D872DCFA16AF2E1A77F4B8 /* Pods-LinnstrumentHelper.debug.xcconfig */,
				FEB927FBED2935E61CBD5AA8 /* Pods-LinnstrumentHelper.release.xcconfig */,
			);
			path = Pods;
			sourceTree = "<group>";
		};
		EC2127FD244E8CAD00342DD1 /* Model */ = {
			isa = PBXGroup;
			children = (
				EC2127FE244E8CBF00342DD1 /* Conductor.swift */,
			);
			path = Model;
			sourceTree = "<group>";
		};
		EC212802244EA87C00342DD1 /* Views */ = {
			isa = PBXGroup;
			children = (
				EC690380244E8C1A008316E5 /* ContentView.swift */,
				EC212810244F8FC500342DD1 /* PlayingSurfaceView.swift */,
				EC212812244F9D0400342DD1 /* SmallSurfaceView.swift */,
			);
			path = Views;
			sourceTree = "<group>";
		};
		EC690372244E8C1A008316E5 = {
			isa = PBXGroup;
			children = (
				EC212805244EB70000342DD1 /* .gitignore */,
				EC69037D244E8C1A008316E5 /* LinnstrumentHelper */,
				EC69037C244E8C1A008316E5 /* Products */,
				2BCA3A24DD3AE976D002E538 /* Pods */,
				F466B50EB6227E6E555EEE69 /* Frameworks */,
			);
			sourceTree = "<group>";
		};
		EC69037C244E8C1A008316E5 /* Products */ = {
			isa = PBXGroup;
			children = (
				EC69037B244E8C1A008316E5 /* LinnstrumentHelper.app */,
			);
			name = Products;
			sourceTree = "<group>";
		};
		EC69037D244E8C1A008316E5 /* LinnstrumentHelper */ = {
			isa = PBXGroup;
			children = (
				EC212802244EA87C00342DD1 /* Views */,
				EC2127FD244E8CAD00342DD1 /* Model */,
				EC69037E244E8C1A008316E5 /* AppDelegate.swift */,
				EC690382244E8C1B008316E5 /* Assets.xcassets */,
				EC690387244E8C1B008316E5 /* Main.storyboard */,
				EC69038A244E8C1B008316E5 /* Info.plist */,
				EC69038B244E8C1B008316E5 /* LinnstrumentHelper.entitlements */,
				EC690384244E8C1B008316E5 /* Preview Content */,
			);
			path = LinnstrumentHelper;
			sourceTree = "<group>";
		};
		EC690384244E8C1B008316E5 /* Preview Content */ = {
			isa = PBXGroup;
			children = (
				EC690385244E8C1B008316E5 /* Preview Assets.xcassets */,
			);
			path = "Preview Content";
			sourceTree = "<group>";
		};
		F466B50EB6227E6E555EEE69 /* Frameworks */ = {
			isa = PBXGroup;
			children = (
				D08B3ECE281F47A03ED03486 /* Pods_LinnstrumentHelper.framework */,
			);
			name = Frameworks;
			sourceTree = "<group>";
		};
/* End PBXGroup section */

/* Begin PBXNativeTarget section */
		EC69037A244E8C1A008316E5 /* LinnstrumentHelper */ = {
			isa = PBXNativeTarget;
			buildConfigurationList = EC69038E244E8C1B008316E5 /* Build configuration list for PBXNativeTarget "LinnstrumentHelper" */;
			buildPhases = (
				5A0F56AF409503410ABC7DF1 /* [CP] Check Pods Manifest.lock */,
				EC690377244E8C1A008316E5 /* Sources */,
				EC690378244E8C1A008316E5 /* Frameworks */,
				EC690379244E8C1A008316E5 /* Resources */,
			);
			buildRules = (
			);
			dependencies = (
			);
			name = LinnstrumentHelper;
			packageProductDependencies = (
				EC21280A244F885200342DD1 /* Grid */,
			);
			productName = LinnstrumentHelper;
			productReference = EC69037B244E8C1A008316E5 /* LinnstrumentHelper.app */;
			productType = "com.apple.product-type.application";
		};
/* End PBXNativeTarget section */

/* Begin PBXProject section */
		EC690373244E8C1A008316E5 /* Project object */ = {
			isa = PBXProject;
			attributes = {
				LastSwiftUpdateCheck = 1140;
				LastUpgradeCheck = 1140;
				ORGANIZATIONNAME = "Mark-James M";
				TargetAttributes = {
					EC69037A244E8C1A008316E5 = {
						CreatedOnToolsVersion = 11.4.1;
					};
				};
			};
			buildConfigurationList = EC690376244E8C1A008316E5 /* Build configuration list for PBXProject "LinnstrumentHelper" */;
			compatibilityVersion = "Xcode 9.3";
			developmentRegion = en;
			hasScannedForEncodings = 0;
			knownRegions = (
				en,
				Base,
			);
			mainGroup = EC690372244E8C1A008316E5;
			packageReferences = (
				EC212809244F885200342DD1 /* XCRemoteSwiftPackageReference "swiftui-grid" */,
			);
			productRefGroup = EC69037C244E8C1A008316E5 /* Products */;
			projectDirPath = "";
			projectRoot = "";
			targets = (
				EC69037A244E8C1A008316E5 /* LinnstrumentHelper */,
			);
		};
/* End PBXProject section */

/* Begin PBXResourcesBuildPhase section */
		EC690379244E8C1A008316E5 /* Resources */ = {
			isa = PBXResourcesBuildPhase;
			buildActionMask = 2147483647;
			files = (
				EC212806244EB70000342DD1 /* .gitignore in Resources */,
				EC690389244E8C1B008316E5 /* Main.storyboard in Resources */,
				EC690386244E8C1B008316E5 /* Preview Assets.xcassets in Resources */,
				EC690383244E8C1B008316E5 /* Assets.xcassets in Resources */,
			);
			runOnlyForDeploymentPostprocessing = 0;
		};
/* End PBXResourcesBuildPhase section */

/* Begin PBXShellScriptBuildPhase section */
		5A0F56AF409503410ABC7DF1 /* [CP] Check Pods Manifest.lock */ = {
			isa = PBXShellScriptBuildPhase;
			buildActionMask = 2147483647;
			files = (
			);
			inputFileListPaths = (
			);
			inputPaths = (
				"${PODS_PODFILE_DIR_PATH}/Podfile.lock",
				"${PODS_ROOT}/Manifest.lock",
			);
			name = "[CP] Check Pods Manifest.lock";
			outputFileListPaths = (
			);
			outputPaths = (
				"$(DERIVED_FILE_DIR)/Pods-LinnstrumentHelper-checkManifestLockResult.txt",
			);
			runOnlyForDeploymentPostprocessing = 0;
			shellPath = /bin/sh;
			shellScript = "diff \"${PODS_PODFILE_DIR_PATH}/Podfile.lock\" \"${PODS_ROOT}/Manifest.lock\" > /dev/null\nif [ $? != 0 ] ; then\n    # print error to STDERR\n    echo \"error: The sandbox is not in sync with the Podfile.lock. Run 'pod install' or update your CocoaPods installation.\" >&2\n    exit 1\nfi\n# This output is used by Xcode 'outputs' to avoid re-running this script phase.\necho \"SUCCESS\" > \"${SCRIPT_OUTPUT_FILE_0}\"\n";
			showEnvVarsInLog = 0;
		};
/* End PBXShellScriptBuildPhase section */

/* Begin PBXSourcesBuildPhase section */
		EC690377244E8C1A008316E5 /* Sources */ = {
			isa = PBXSourcesBuildPhase;
			buildActionMask = 2147483647;
			files = (
				EC2127FF244E8CBF00342DD1 /* Conductor.swift in Sources */,
				EC690381244E8C1A008316E5 /* ContentView.swift in Sources */,
				EC69037F244E8C1A008316E5 /* AppDelegate.swift in Sources */,
				EC212811244F8FC500342DD1 /* PlayingSurfaceView.swift in Sources */,
				EC212813244F9D0400342DD1 /* SmallSurfaceView.swift in Sources */,
			);
			runOnlyForDeploymentPostprocessing = 0;
		};
/* End PBXSourcesBuildPhase section */

/* Begin PBXVariantGroup section */
		EC690387244E8C1B008316E5 /* Main.storyboard */ = {
			isa = PBXVariantGroup;
			children = (
				EC690388244E8C1B008316E5 /* Base */,
			);
			name = Main.storyboard;
			sourceTree = "<group>";
		};
/* End PBXVariantGroup section */

/* Begin XCBuildConfiguration section */
		EC69038C244E8C1B008316E5 /* Debug */ = {
			isa = XCBuildConfiguration;
			buildSettings = {
				ALWAYS_SEARCH_USER_PATHS = NO;
				CLANG_ANALYZER_NONNULL = YES;
				CLANG_ANALYZER_NUMBER_OBJECT_CONVERSION = YES_AGGRESSIVE;
				CLANG_CXX_LANGUAGE_STANDARD = "gnu++14";
				CLANG_CXX_LIBRARY = "libc++";
				CLANG_ENABLE_MODULES = YES;
				CLANG_ENABLE_OBJC_ARC = YES;
				CLANG_ENABLE_OBJC_WEAK = YES;
				CLANG_WARN_BLOCK_CAPTURE_AUTORELEASING = YES;
				CLANG_WARN_BOOL_CONVERSION = YES;
				CLANG_WARN_COMMA = YES;
				CLANG_WARN_CONSTANT_CONVERSION = YES;
				CLANG_WARN_DEPRECATED_OBJC_IMPLEMENTATIONS = YES;
				CLANG_WARN_DIRECT_OBJC_ISA_USAGE = YES_ERROR;
				CLANG_WARN_DOCUMENTATION_COMMENTS = YES;
				CLANG_WARN_EMPTY_BODY = YES;
				CLANG_WARN_ENUM_CONVERSION = YES;
				CLANG_WARN_INFINITE_RECURSION = YES;
				CLANG_WARN_INT_CONVERSION = YES;
				CLANG_WARN_NON_LITERAL_NULL_CONVERSION = YES;
				CLANG_WARN_OBJC_IMPLICIT_RETAIN_SELF = YES;
				CLANG_WARN_OBJC_LITERAL_CONVERSION = YES;
				CLANG_WARN_OBJC_ROOT_CLASS = YES_ERROR;
				CLANG_WARN_RANGE_LOOP_ANALYSIS = YES;
				CLANG_WARN_STRICT_PROTOTYPES = YES;
				CLANG_WARN_SUSPICIOUS_MOVE = YES;
				CLANG_WARN_UNGUARDED_AVAILABILITY = YES_AGGRESSIVE;
				CLANG_WARN_UNREACHABLE_CODE = YES;
				CLANG_WARN__DUPLICATE_METHOD_MATCH = YES;
				COPY_PHASE_STRIP = NO;
				DEBUG_INFORMATION_FORMAT = dwarf;
				ENABLE_STRICT_OBJC_MSGSEND = YES;
				ENABLE_TESTABILITY = YES;
				GCC_C_LANGUAGE_STANDARD = gnu11;
				GCC_DYNAMIC_NO_PIC = NO;
				GCC_NO_COMMON_BLOCKS = YES;
				GCC_OPTIMIZATION_LEVEL = 0;
				GCC_PREPROCESSOR_DEFINITIONS = (
					"DEBUG=1",
					"$(inherited)",
				);
				GCC_WARN_64_TO_32_BIT_CONVERSION = YES;
				GCC_WARN_ABOUT_RETURN_TYPE = YES_ERROR;
				GCC_WARN_UNDECLARED_SELECTOR = YES;
				GCC_WARN_UNINITIALIZED_AUTOS = YES_AGGRESSIVE;
				GCC_WARN_UNUSED_FUNCTION = YES;
				GCC_WARN_UNUSED_VARIABLE = YES;
				MACOSX_DEPLOYMENT_TARGET = 10.15;
				MTL_ENABLE_DEBUG_INFO = INCLUDE_SOURCE;
				MTL_FAST_MATH = YES;
				ONLY_ACTIVE_ARCH = YES;
				SDKROOT = macosx;
				SWIFT_ACTIVE_COMPILATION_CONDITIONS = DEBUG;
				SWIFT_OPTIMIZATION_LEVEL = "-Onone";
			};
			name = Debug;
		};
		EC69038D244E8C1B008316E5 /* Release */ = {
			isa = XCBuildConfiguration;
			buildSettings = {
				ALWAYS_SEARCH_USER_PATHS = NO;
				CLANG_ANALYZER_NONNULL = YES;
				CLANG_ANALYZER_NUMBER_OBJECT_CONVERSION = YES_AGGRESSIVE;
				CLANG_CXX_LANGUAGE_STANDARD = "gnu++14";
				CLANG_CXX_LIBRARY = "libc++";
				CLANG_ENABLE_MODULES = YES;
				CLANG_ENABLE_OBJC_ARC = YES;
				CLANG_ENABLE_OBJC_WEAK = YES;
				CLANG_WARN_BLOCK_CAPTURE_AUTORELEASING = YES;
				CLANG_WARN_BOOL_CONVERSION = YES;
				CLANG_WARN_COMMA = YES;
				CLANG_WARN_CONSTANT_CONVERSION = YES;
				CLANG_WARN_DEPRECATED_OBJC_IMPLEMENTATIONS = YES;
				CLANG_WARN_DIRECT_OBJC_ISA_USAGE = YES_ERROR;
				CLANG_WARN_DOCUMENTATION_COMMENTS = YES;
				CLANG_WARN_EMPTY_BODY = YES;
				CLANG_WARN_ENUM_CONVERSION = YES;
				CLANG_WARN_INFINITE_RECURSION = YES;
				CLANG_WARN_INT_CONVERSION = YES;
				CLANG_WARN_NON_LITERAL_NULL_CONVERSION = YES;
				CLANG_WARN_OBJC_IMPLICIT_RETAIN_SELF = YES;
				CLANG_WARN_OBJC_LITERAL_CONVERSION = YES;
				CLANG_WARN_OBJC_ROOT_CLASS = YES_ERROR;
				CLANG_WARN_RANGE_LOOP_ANALYSIS = YES;
				CLANG_WARN_STRICT_PROTOTYPES = YES;
				CLANG_WARN_SUSPICIOUS_MOVE = YES;
				CLANG_WARN_UNGUARDED_AVAILABILITY = YES_AGGRESSIVE;
				CLANG_WARN_UNREACHABLE_CODE = YES;
				CLANG_WARN__DUPLICATE_METHOD_MATCH = YES;
				COPY_PHASE_STRIP = NO;
				DEBUG_INFORMATION_FORMAT = "dwarf-with-dsym";
				ENABLE_NS_ASSERTIONS = NO;
				ENABLE_STRICT_OBJC_MSGSEND = YES;
				GCC_C_LANGUAGE_STANDARD = gnu11;
				GCC_NO_COMMON_BLOCKS = YES;
				GCC_WARN_64_TO_32_BIT_CONVERSION = YES;
				GCC_WARN_ABOUT_RETURN_TYPE = YES_ERROR;
				GCC_WARN_UNDECLARED_SELECTOR = YES;
				GCC_WARN_UNINITIALIZED_AUTOS = YES_AGGRESSIVE;
				GCC_WARN_UNUSED_FUNCTION = YES;
				GCC_WARN_UNUSED_VARIABLE = YES;
				MACOSX_DEPLOYMENT_TARGET = 10.15;
				MTL_ENABLE_DEBUG_INFO = NO;
				MTL_FAST_MATH = YES;
				SDKROOT = macosx;
				SWIFT_COMPILATION_MODE = wholemodule;
				SWIFT_OPTIMIZATION_LEVEL = "-O";
			};
			name = Release;
		};
		EC69038F244E8C1B008316E5 /* Debug */ = {
			isa = XCBuildConfiguration;
			baseConfigurationReference = E5D872DCFA16AF2E1A77F4B8 /* Pods-LinnstrumentHelper.debug.xcconfig */;
			buildSettings = {
				ASSETCATALOG_COMPILER_APPICON_NAME = AppIcon;
				CODE_SIGN_ENTITLEMENTS = LinnstrumentHelper/LinnstrumentHelper.entitlements;
				CODE_SIGN_STYLE = Automatic;
				COMBINE_HIDPI_IMAGES = YES;
				DEVELOPMENT_ASSET_PATHS = "\"LinnstrumentHelper/Preview Content\"";
				DEVELOPMENT_TEAM = 934XW6896T;
				ENABLE_HARDENED_RUNTIME = YES;
				ENABLE_PREVIEWS = YES;
				INFOPLIST_FILE = LinnstrumentHelper/Info.plist;
				LD_RUNPATH_SEARCH_PATHS = (
					"$(inherited)",
					"@executable_path/../Frameworks",
				);
				MACOSX_DEPLOYMENT_TARGET = 10.15;
				PRODUCT_BUNDLE_IDENTIFIER = dev.markjames.LinnstrumentHelper;
				PRODUCT_NAME = "$(TARGET_NAME)";
				SWIFT_VERSION = 5.0;
			};
			name = Debug;
		};
		EC690390244E8C1B008316E5 /* Release */ = {
			isa = XCBuildConfiguration;
			baseConfigurationReference = FEB927FBED2935E61CBD5AA8 /* Pods-LinnstrumentHelper.release.xcconfig */;
			buildSettings = {
				ASSETCATALOG_COMPILER_APPICON_NAME = AppIcon;
				CODE_SIGN_ENTITLEMENTS = LinnstrumentHelper/LinnstrumentHelper.entitlements;
				CODE_SIGN_STYLE = Automatic;
				COMBINE_HIDPI_IMAGES = YES;
				DEVELOPMENT_ASSET_PATHS = "\"LinnstrumentHelper/Preview Content\"";
				DEVELOPMENT_TEAM = 934XW6896T;
				ENABLE_HARDENED_RUNTIME = YES;
				ENABLE_PREVIEWS = YES;
				INFOPLIST_FILE = LinnstrumentHelper/Info.plist;
				LD_RUNPATH_SEARCH_PATHS = (
					"$(inherited)",
					"@executable_path/../Frameworks",
				);
				MACOSX_DEPLOYMENT_TARGET = 10.15;
				PRODUCT_BUNDLE_IDENTIFIER = dev.markjames.LinnstrumentHelper;
				PRODUCT_NAME = "$(TARGET_NAME)";
				SWIFT_VERSION = 5.0;
			};
			name = Release;
		};
/* End XCBuildConfiguration section */

/* Begin XCConfigurationList section */
		EC690376244E8C1A008316E5 /* Build configuration list for PBXProject "LinnstrumentHelper" */ = {
			isa = XCConfigurationList;
			buildConfigurations = (
				EC69038C244E8C1B008316E5 /* Debug */,
				EC69038D244E8C1B008316E5 /* Release */,
			);
			defaultConfigurationIsVisible = 0;
			defaultConfigurationName = Release;
		};
		EC69038E244E8C1B008316E5 /* Build configuration list for PBXNativeTarget "LinnstrumentHelper" */ = {
			isa = XCConfigurationList;
			buildConfigurations = (
				EC69038F244E8C1B008316E5 /* Debug */,
				EC690390244E8C1B008316E5 /* Release */,
			);
			defaultConfigurationIsVisible = 0;
			defaultConfigurationName = Release;
		};
/* End XCConfigurationList section */

/* Begin XCRemoteSwiftPackageReference section */
		EC212809244F885200342DD1 /* XCRemoteSwiftPackageReference "swiftui-grid" */ = {
			isa = XCRemoteSwiftPackageReference;
			repositoryURL = "https://github.com/spacenation/swiftui-grid.git";
			requirement = {
				kind = upToNextMajorVersion;
				minimumVersion = 1.0.4;
			};
		};
/* End XCRemoteSwiftPackageReference section */

/* Begin XCSwiftPackageProductDependency section */
		EC21280A244F885200342DD1 /* Grid */ = {
			isa = XCSwiftPackageProductDependency;
			package = EC212809244F885200342DD1 /* XCRemoteSwiftPackageReference "swiftui-grid" */;
			productName = Grid;
		};
/* End XCSwiftPackageProductDependency section */
	};
	rootObject = EC690373244E8C1A008316E5 /* Project object */;
}
